Microsoft Visual Studio Solution File, Format Version 12.00
# Visual Studio Version 17
VisualStudioVersion = 17.4.33205.214
MinimumVisualStudioVersion = 10.0.40219.1
Project("{2150E333-8FDC-42A3-9474-1A3956D46DE8}") = ".root", ".root", "{D5051E17-07A2-44A2-8040-E2036C8926C2}"
	ProjectSection(SolutionItems) = preProject
		.editorconfig = .editorconfig
		.gitattributes = .gitattributes
		.gitignore = .gitignore
		.github\dependabot.yml = .github\dependabot.yml
		Directory.Build.props = Directory.Build.props
		Directory.Packages.props = Directory.Packages.props
		LICENSE.txt = LICENSE.txt
		README.md = README.md
	EndProjectSection
EndProject
Project("{2150E333-8FDC-42A3-9474-1A3956D46DE8}") = "Source", "Source", "{C2C38B9F-D4DD-4598-93FC-9580D63684C5}"
EndProject
Project("{2150E333-8FDC-42A3-9474-1A3956D46DE8}") = "Tests", "Tests", "{F440528D-75EE-4A28-8DBC-004F6F162C52}"
EndProject
Project("{9A19103F-16F7-4668-BE54-9A1E7A4F7556}") = "Regular.Polygon", "Regular.Polygon\Regular.Polygon.csproj", "{FC1BE7CD-CB0B-4E19-9CA5-22B7F496B83B}"
EndProject
Project("{9A19103F-16F7-4668-BE54-9A1E7A4F7556}") = "Regular.Polygon.Tests", "Regular.Polygon.Tests\Regular.Polygon.Tests.csproj", "{A2186AA5-06D2-4B86-83D3-DCC31B9E5997}"
EndProject
Project("{2150E333-8FDC-42A3-9474-1A3956D46DE8}") = "workflows", "workflows", "{396DC7AF-8D17-4118-866E-7BC36E78ED0B}"
	ProjectSection(SolutionItems) = preProject
		.github\workflows\build.yml = .github\workflows\build.yml
		.github\workflows\release.yml = .github\workflows\release.yml
	EndProjectSection
EndProject
Global
	GlobalSection(SolutionConfigurationPlatforms) = preSolution
		Debug|Any CPU = Debug|Any CPU
		Release|Any CPU = Release|Any CPU
	EndGlobalSection
	GlobalSection(ProjectConfigurationPlatforms) = postSolution
		{FC1BE7CD-CB0B-4E19-9CA5-22B7F496B83B}.Debug|Any CPU.ActiveCfg = Debug|Any CPU
		{FC1BE7CD-CB0B-4E19-9CA5-22B7F496B83B}.Debug|Any CPU.Build.0 = Debug|Any CPU
		{FC1BE7CD-CB0B-4E19-9CA5-22B7F496B83B}.Release|Any CPU.ActiveCfg = Release|Any CPU
		{FC1BE7CD-CB0B-4E19-9CA5-22B7F496B83B}.Release|Any CPU.Build.0 = Release|Any CPU
		{A2186AA5-06D2-4B86-83D3-DCC31B9E5997}.Debug|Any CPU.ActiveCfg = Debug|Any CPU
		{A2186AA5-06D2-4B86-83D3-DCC31B9E5997}.Debug|Any CPU.Build.0 = Debug|Any CPU
		{A2186AA5-06D2-4B86-83D3-DCC31B9E5997}.Release|Any CPU.ActiveCfg = Release|Any CPU
		{A2186AA5-06D2-4B86-83D3-DCC31B9E5997}.Release|Any CPU.Build.0 = Release|Any CPU
	EndGlobalSection
	GlobalSection(SolutionProperties) = preSolution
		HideSolutionNode = FALSE
	EndGlobalSection
	GlobalSection(NestedProjects) = preSolution
		{FC1BE7CD-CB0B-4E19-9CA5-22B7F496B83B} = {C2C38B9F-D4DD-4598-93FC-9580D63684C5}
		{A2186AA5-06D2-4B86-83D3-DCC31B9E5997} = {F440528D-75EE-4A28-8DBC-004F6F162C52}
		{396DC7AF-8D17-4118-866E-7BC36E78ED0B} = {D5051E17-07A2-44A2-8040-E2036C8926C2}
	EndGlobalSection
	GlobalSection(ExtensibilityGlobals) = postSolution
		SolutionGuid = {DFDE841E-0131-4839-BF13-AEBE115C93CA}
	EndGlobalSection
EndGlobal
